// !$*UTF8*$!
{
	archiveVersion = 1;
	classes = {
	};
	objectVersion = 50;
	objects = {

/* Begin PBXBuildFile section */
		FCADBB272103767B002056F0 /* AppDelegate.swift in Sources */ = {isa = PBXBuildFile; fileRef = FCADBB262103767B002056F0 /* AppDelegate.swift */; };
		FCADBB292103767B002056F0 /* ViewController.swift in Sources */ = {isa = PBXBuildFile; fileRef = FCADBB282103767B002056F0 /* ViewController.swift */; };
		FCADBB2C2103767B002056F0 /* Main.storyboard in Resources */ = {isa = PBXBuildFile; fileRef = FCADBB2A2103767B002056F0 /* Main.storyboard */; };
		FCADBB2E2103767E002056F0 /* Assets.xcassets in Resources */ = {isa = PBXBuildFile; fileRef = FCADBB2D2103767E002056F0 /* Assets.xcassets */; };
		FCADBB312103767E002056F0 /* LaunchScreen.storyboard in Resources */ = {isa = PBXBuildFile; fileRef = FCADBB2F2103767E002056F0 /* LaunchScreen.storyboard */; };
		FCADBB3A210376BA002056F0 /* ShapesAnimator.swift in Sources */ = {isa = PBXBuildFile; fileRef = FCADBB39210376BA002056F0 /* ShapesAnimator.swift */; };
/* End PBXBuildFile section */

/* Begin PBXFileReference section */
		FCADBB232103767B002056F0 /* GeometricShapesLoader.app */ = {isa = PBXFileReference; explicitFileType = wrapper.application; includeInIndex = 0; path = GeometricShapesLoader.app; sourceTree = BUILT_PRODUCTS_DIR; };
		FCADBB262103767B002056F0 /* AppDelegate.swift */ = {isa = PBXFileReference; lastKnownFileType = sourcecode.swift; path = AppDelegate.swift; sourceTree = "<group>"; };
		FCADBB282103767B002056F0 /* ViewController.swift */ = {isa = PBXFileReference; lastKnownFileType = sourcecode.swift; path = ViewController.swift; sourceTree = "<group>"; };
		FCADBB2B2103767B002056F0 /* Base */ = {isa = PBXFileReference; lastKnownFileType = file.storyboard; name = Base; path = Base.lproj/Main.storyboard; sourceTree = "<group>"; };
		FCADBB2D2103767E002056F0 /* Assets.xcassets */ = {isa = PBXFileReference; lastKnownFileType = folder.assetcatalog; path = Assets.xcassets; sourceTree = "<group>"; };
		FCADBB302103767E002056F0 /* Base */ = {isa = PBXFileReference; lastKnownFileType = file.storyboard; name = Base; path = Base.lproj/LaunchScreen.storyboard; sourceTree = "<group>"; };
		FCADBB322103767E002056F0 /* Info.plist */ = {isa = PBXFileReference; lastKnownFileType = text.plist.xml; path = Info.plist; sourceTree = "<group>"; };
		FCADBB39210376BA002056F0 /* ShapesAnimator.swift */ = {isa = PBXFileReference; lastKnownFileType = sourcecode.swift; path = ShapesAnimator.swift; sourceTree = "<group>"; };
/* End PBXFileReference section */

/* Begin PBXFrameworksBuildPhase section */
		FCADBB202103767B002056F0 /* Frameworks */ = {
			isa = PBXFrameworksBuildPhase;
			buildActionMask = 2147483647;
			files = (
			);
			runOnlyForDeploymentPostprocessing = 0;
		};
/* End PBXFrameworksBuildPhase section */

/* Begin PBXGroup section */
		FCADBB1A2103767B002056F0 = {
			isa = PBXGroup;
			children = (
				FCADBB252103767B002056F0 /* GeometricShapesLoader */,
				FCADBB242103767B002056F0 /* Products */,
			);
			sourceTree = "<group>";
		};
		FCADBB242103767B002056F0 /* Products */ = {
			isa = PBXGroup;
			children = (
				FCADBB232103767B002056F0 /* GeometricShapesLoader.app */,
			);
			name = Products;
			sourceTree = "<group>";
		};
		FCADBB252103767B002056F0 /* GeometricShapesLoader */ = {
			isa = PBXGroup;
			children = (
				FCADBB382103769D002056F0 /* GeometricViews */,
				FCADBB262103767B002056F0 /* AppDelegate.swift */,
				FCADBB282103767B002056F0 /* ViewController.swift */,
				FCADBB2A2103767B002056F0 /* Main.storyboard */,
				FCADBB2D2103767E002056F0 /* Assets.xcassets */,
				FCADBB2F2103767E002056F0 /* LaunchScreen.storyboard */,
				FCADBB322103767E002056F0 /* Info.plist */,
			);
			path = GeometricShapesLoader;
			sourceTree = "<group>";
		};
		FCADBB382103769D002056F0 /* GeometricViews */ = {
			isa = PBXGroup;
			children = (
				FCADBB39210376BA002056F0 /* ShapesAnimator.swift */,
			);
			path = GeometricViews;
			sourceTree = "<group>";
		};
/* End PBXGroup section */

/* Begin PBXNativeTarget section */
		FCADBB222103767B002056F0 /* GeometricShapesLoader */ = {
			isa = PBXNativeTarget;
			buildConfigurationList = FCADBB352103767E002056F0 /* Build configuration list for PBXNativeTarget "GeometricShapesLoader" */;
			buildPhases = (
				FCADBB1F2103767B002056F0 /* Sources */,
				FCADBB202103767B002056F0 /* Frameworks */,
				FCADBB212103767B002056F0 /* Resources */,
			);
			buildRules = (
			);
			dependencies = (
			);
			name = GeometricShapesLoader;
			productName = GeometricShapesLoader;
			productReference = FCADBB232103767B002056F0 /* GeometricShapesLoader.app */;
			productType = "com.apple.product-type.application";
		};
/* End PBXNativeTarget section */

/* Begin PBXProject section */
		FCADBB1B2103767B002056F0 /* Project object */ = {
			isa = PBXProject;
			attributes = {
				LastSwiftUpdateCheck = 0940;
				LastUpgradeCheck = 0940;
				ORGANIZATIONNAME = "Anton Nechayuk";
				TargetAttributes = {
					FCADBB222103767B002056F0 = {
						CreatedOnToolsVersion = 9.4.1;
					};
				};
			};
			buildConfigurationList = FCADBB1E2103767B002056F0 /* Build configuration list for PBXProject "GeometricShapesLoader" */;
			compatibilityVersion = "Xcode 9.3";
			developmentRegion = en;
			hasScannedForEncodings = 0;
			knownRegions = (
				en,
				Base,
			);
			mainGroup = FCADBB1A2103767B002056F0;
			productRefGroup = FCADBB242103767B002056F0 /* Products */;
			projectDirPath = "";
			projectRoot = "";
			targets = (
				FCADBB222103767B002056F0 /* GeometricShapesLoader */,
			);
		};
/* End PBXProject section */

/* Begin PBXResourcesBuildPhase section */
		FCADBB212103767B002056F0 /* Resources */ = {
			isa = PBXResourcesBuildPhase;
			buildActionMask = 2147483647;
			files = (
				FCADBB312103767E002056F0 /* LaunchScreen.storyboard in Resources */,
				FCADBB2E2103767E002056F0 /* Assets.xcassets in Resources */,
				FCADBB2C2103767B002056F0 /* Main.storyboard in Resources */,
			);
			runOnlyForDeploymentPostprocessing = 0;
		};
/* End PBXResourcesBuildPhase section */

/* Begin PBXSourcesBuildPhase section */
		FCADBB1F2103767B002056F0 /* Sources */ = {
			isa = PBXSourcesBuildPhase;
			buildActionMask = 2147483647;
			files = (
				FCADBB3A210376BA002056F0 /* ShapesAnimator.swift in Sources */,
				FCADBB292103767B002056F0 /* ViewController.swift in Sources */,
				FCADBB272103767B002056F0 /* AppDelegate.swift in Sources */,
			);
			runOnlyForDeploymentPostprocessing = 0;
		};
/* End PBXSourcesBuildPhase section */

/* Begin PBXVariantGroup section */
		FCADBB2A2103767B002056F0 /* Main.storyboard */ = {
			isa = PBXVariantGroup;
			children = (
				FCADBB2B2103767B002056F0 /* Base */,
			);
			name = Main.storyboard;
			sourceTree = "<group>";
		};
		FCADBB2F2103767E002056F0 /* LaunchScreen.storyboard */ = {
			isa = PBXVariantGroup;
			children = (
				FCADBB302103767E002056F0 /* Base */,
			);
			name = LaunchScreen.storyboard;
			sourceTree = "<group>";
		};
/* End PBXVariantGroup section */

/* Begin XCBuildConfiguration section */
		FCADBB332103767E002056F0 /* Debug */ = {
			isa = XCBuildConfiguration;
			buildSettings = {
				ALWAYS_SEARCH_USER_PATHS = NO;
				CLANG_ANALYZER_NONNULL = YES;
				CLANG_ANALYZER_NUMBER_OBJECT_CONVERSION = YES_AGGRESSIVE;
				CLANG_CXX_LANGUAGE_STANDARD = "gnu++14";
				CLANG_CXX_LIBRARY = "libc++";
				CLANG_ENABLE_MODULES = YES;
				CLANG_ENABLE_OBJC_ARC = YES;
				CLANG_ENABLE_OBJC_WEAK = YES;
				CLANG_WARN_BLOCK_CAPTURE_AUTORELEASING = YES;
				CLANG_WARN_BOOL_CONVERSION = YES;
				CLANG_WARN_COMMA = YES;
				CLANG_WARN_CONSTANT_CONVERSION = YES;
				CLANG_WARN_DEPRECATED_OBJC_IMPLEMENTATIONS = YES;
				CLANG_WARN_DIRECT_OBJC_ISA_USAGE = YES_ERROR;
				CLANG_WARN_DOCUMENTATION_COMMENTS = YES;
				CLANG_WARN_EMPTY_BODY = YES;
				CLANG_WARN_ENUM_CONVERSION = YES;
				CLANG_WARN_INFINITE_RECURSION = YES;
				CLANG_WARN_INT_CONVERSION = YES;
				CLANG_WARN_NON_LITERAL_NULL_CONVERSION = YES;
				CLANG_WARN_OBJC_IMPLICIT_RETAIN_SELF = YES;
				CLANG_WARN_OBJC_LITERAL_CONVERSION = YES;
				CLANG_WARN_OBJC_ROOT_CLASS = YES_ERROR;
				CLANG_WARN_RANGE_LOOP_ANALYSIS = YES;
				CLANG_WARN_STRICT_PROTOTYPES = YES;
				CLANG_WARN_SUSPICIOUS_MOVE = YES;
				CLANG_WARN_UNGUARDED_AVAILABILITY = YES_AGGRESSIVE;
				CLANG_WARN_UNREACHABLE_CODE = YES;
				CLANG_WARN__DUPLICATE_METHOD_MATCH = YES;
				CODE_SIGN_IDENTITY = "iPhone Developer";
				COPY_PHASE_STRIP = NO;
				DEBUG_INFORMATION_FORMAT = dwarf;
				ENABLE_STRICT_OBJC_MSGSEND = YES;
				ENABLE_TESTABILITY = YES;
				GCC_C_LANGUAGE_STANDARD = gnu11;
				GCC_DYNAMIC_NO_PIC = NO;
				GCC_NO_COMMON_BLOCKS = YES;
				GCC_OPTIMIZATION_LEVEL = 0;
				GCC_PREPROCESSOR_DEFINITIONS = (
					"DEBUG=1",
					"$(inherited)",
				);
				GCC_WARN_64_TO_32_BIT_CONVERSION = YES;
				GCC_WARN_ABOUT_RETURN_TYPE = YES_ERROR;
				GCC_WARN_UNDECLARED_SELECTOR = YES;
				GCC_WARN_UNINITIALIZED_AUTOS = YES_AGGRESSIVE;
				GCC_WARN_UNUSED_FUNCTION = YES;
				GCC_WARN_UNUSED_VARIABLE = YES;
				IPHONEOS_DEPLOYMENT_TARGET = 12.0;
				MTL_ENABLE_DEBUG_INFO = YES;
				ONLY_ACTIVE_ARCH = YES;
				SDKROOT = iphoneos;
				SWIFT_ACTIVE_COMPILATION_CONDITIONS = DEBUG;
				SWIFT_OPTIMIZATION_LEVEL = "-Onone";
			};
			name = Debug;
		};
		FCADBB342103767E002056F0 /* Release */ = {
			isa = XCBuildConfiguration;
			buildSettings = {
				ALWAYS_SEARCH_USER_PATHS = NO;
				CLANG_ANALYZER_NONNULL = YES;
				CLANG_ANALYZER_NUMBER_OBJECT_CONVERSION = YES_AGGRESSIVE;
				CLANG_CXX_LANGUAGE_STANDARD = "gnu++14";
				CLANG_CXX_LIBRARY = "libc++";
				CLANG_ENABLE_MODULES = YES;
				CLANG_ENABLE_OBJC_ARC = YES;
				CLANG_ENABLE_OBJC_WEAK = YES;
				CLANG_WARN_BLOCK_CAPTURE_AUTORELEASING = YES;
				CLANG_WARN_BOOL_CONVERSION = YES;
				CLANG_WARN_COMMA = YES;
				CLANG_WARN_CONSTANT_CONVERSION = YES;
				CLANG_WARN_DEPRECATED_OBJC_IMPLEMENTATIONS = YES;
				CLANG_WARN_DIRECT_OBJC_ISA_USAGE = YES_ERROR;
				CLANG_WARN_DOCUMENTATION_COMMENTS = YES;
				CLANG_WARN_EMPTY_BODY = YES;
				CLANG_WARN_ENUM_CONVERSION = YES;
				CLANG_WARN_INFINITE_RECURSION = YES;
				CLANG_WARN_INT_CONVERSION = YES;
				CLANG_WARN_NON_LITERAL_NULL_CONVERSION = YES;
				CLANG_WARN_OBJC_IMPLICIT_RETAIN_SELF = YES;
				CLANG_WARN_OBJC_LITERAL_CONVERSION = YES;
				CLANG_WARN_OBJC_ROOT_CLASS = YES_ERROR;
				CLANG_WARN_RANGE_LOOP_ANALYSIS = YES;
				CLANG_WARN_STRICT_PROTOTYPES = YES;
				CLANG_WARN_SUSPICIOUS_MOVE = YES;
				CLANG_WARN_UNGUARDED_AVAILABILITY = YES_AGGRESSIVE;
				CLANG_WARN_UNREACHABLE_CODE = YES;
				CLANG_WARN__DUPLICATE_METHOD_MATCH = YES;
				CODE_SIGN_IDENTITY = "iPhone Developer";
				COPY_PHASE_STRIP = NO;
				DEBUG_INFORMATION_FORMAT = "dwarf-with-dsym";
				ENABLE_NS_ASSERTIONS = NO;
				ENABLE_STRICT_OBJC_MSGSEND = YES;
				GCC_C_LANGUAGE_STANDARD = gnu11;
				GCC_NO_COMMON_BLOCKS = YES;
				GCC_WARN_64_TO_32_BIT_CONVERSION = YES;
				GCC_WARN_ABOUT_RETURN_TYPE = YES_ERROR;
				GCC_WARN_UNDECLARED_SELECTOR = YES;
				GCC_WARN_UNINITIALIZED_AUTOS = YES_AGGRESSIVE;
				GCC_WARN_UNUSED_FUNCTION = YES;
				GCC_WARN_UNUSED_VARIABLE = YES;
				IPHONEOS_DEPLOYMENT_TARGET = 12.0;
				MTL_ENABLE_DEBUG_INFO = NO;
				SDKROOT = iphoneos;
				SWIFT_COMPILATION_MODE = wholemodule;
				SWIFT_OPTIMIZATION_LEVEL = "-O";
				VALIDATE_PRODUCT = YES;
			};
			name = Release;
		};
		FCADBB362103767E002056F0 /* Debug */ = {
			isa = XCBuildConfiguration;
			buildSettings = {
				ASSETCATALOG_COMPILER_APPICON_NAME = AppIcon;
				CODE_SIGN_STYLE = Automatic;
				DEVELOPMENT_TEAM = "";
				INFOPLIST_FILE = GeometricShapesLoader/Info.plist;
				IPHONEOS_DEPLOYMENT_TARGET = 10.3;
				LD_RUNPATH_SEARCH_PATHS = (
					"$(inherited)",
					"@executable_path/Frameworks",
				);
				PRODUCT_BUNDLE_IDENTIFIER = myoda.GeometricShapesLoader;
				PRODUCT_NAME = "$(TARGET_NAME)";
				SWIFT_VERSION = 4.0;
				TARGETED_DEVICE_FAMILY = "1,2";
			};
			name = Debug;
		};
		FCADBB372103767E002056F0 /* Release */ = {
			isa = XCBuildConfiguration;
			buildSettings = {
				ASSETCATALOG_COMPILER_APPICON_NAME = AppIcon;
				CODE_SIGN_STYLE = Automatic;
				DEVELOPMENT_TEAM = "";
				INFOPLIST_FILE = GeometricShapesLoader/Info.plist;
				IPHONEOS_DEPLOYMENT_TARGET = 10.3;
				LD_RUNPATH_SEARCH_PATHS = (
					"$(inherited)",
					"@executable_path/Frameworks",
				);
				PRODUCT_BUNDLE_IDENTIFIER = myoda.GeometricShapesLoader;
				PRODUCT_NAME = "$(TARGET_NAME)";
				SWIFT_VERSION = 4.0;
				TARGETED_DEVICE_FAMILY = "1,2";
			};
			name = Release;
		};
/* End XCBuildConfiguration section */

/* Begin XCConfigurationList section */
		FCADBB1E2103767B002056F0 /* Build configuration list for PBXProject "GeometricShapesLoader" */ = {
			isa = XCConfigurationList;
			buildConfigurations = (
				FCADBB332103767E002056F0 /* Debug */,
				FCADBB342103767E002056F0 /* Release */,
			);
			defaultConfigurationIsVisible = 0;
			defaultConfigurationName = Release;
		};
		FCADBB352103767E002056F0 /* Build configuration list for PBXNativeTarget "GeometricShapesLoader" */ = {
			isa = XCConfigurationList;
			buildConfigurations = (
				FCADBB362103767E002056F0 /* Debug */,
				FCADBB372103767E002056F0 /* Release */,
			);
			defaultConfigurationIsVisible = 0;
			defaultConfigurationName = Release;
		};
/* End XCConfigurationList section */
	};
	rootObject = FCADBB1B2103767B002056F0 /* Project object */;
}
